dependencies:
- name: cert-manager-giantswarm-clusterissuer
  repository: ""
  version: 2.0.0
- name: cert-manager-giantswarm-netpol
  repository: ""
  version: 0.1.0
- name: cert-manager-giantswarm-ciliumnetworkpolicies
  repository: ""
  version: 0.1.0
digest: sha256:09b309456763fe49a79c4ca1c74e5853d8bdae69d57b1b6410f7090487f0eef4
generated: "2025-01-15T01:28:46.80208+02:00"
