dependencies:
- name: cert-manager-giantswarm-clusterissuer
  repository: ""
  version: 2.0.0
- name: cert-manager-giantswarm-netpol
  repository: ""
  version: 0.2.0
- name: cert-manager-giantswarm-ciliumnetworkpolicies
  repository: ""
  version: 0.2.0
digest: sha256:29c212658243ddddf04dccc0adbe9f12eda259662ccdab38f5d56a019dd8a6d2
generated: "2023-11-10T14:49:22.429431+02:00"
