apiVersion: vendir.k14s.io/v1alpha1
directories:
- contents:
  - git:
      commitTitle: Fix indentation of Webhook NetworkPolicy matchLabels (#2)...
      sha: c68e1b80dd428e1f4e7c44208ea464766de92352
    path: cert-manager
  path: vendor
- contents:
  - directory: {}
    path: .
  path: helm/cert-manager/templates
kind: LockConfig
